
Microsoft Visual Studio Solution File, Format Version 12.00
# Visual Studio 15
VisualStudioVersion = 15.0.28307.106
MinimumVisualStudioVersion = 10.0.40219.1
Project("{9A19103F-16F7-4668-BE54-9A1E7A4F7556}") = "Monopoly", "Monopoly\Monopoly.csproj", "{68F0CAF8-1E87-495E-9049-C09D4F6BB2DF}"
EndProject
Global
	GlobalSection(SolutionConfigurationPlatforms) = preSolution
		Debug|Any CPU = Debug|Any CPU
		Release|Any CPU = Release|Any CPU
	EndGlobalSection
	GlobalSection(ProjectConfigurationPlatforms) = postSolution
		{68F0CAF8-1E87-495E-9049-C09D4F6BB2DF}.Debug|Any CPU.ActiveCfg = Debug|Any CPU
		{68F0CAF8-1E87-495E-9049-C09D4F6BB2DF}.Debug|Any CPU.Build.0 = Debug|Any CPU
		{68F0CAF8-1E87-495E-9049-C09D4F6BB2DF}.Release|Any CPU.ActiveCfg = Release|Any CPU
		{68F0CAF8-1E87-495E-9049-C09D4F6BB2DF}.Release|Any CPU.Build.0 = Release|Any CPU
	EndGlobalSection
	GlobalSection(SolutionProperties) = preSolution
		HideSolutionNode = FALSE
	EndGlobalSection
	GlobalSection(ExtensibilityGlobals) = postSolution
		SolutionGuid = {8DE28810-942D-40C1-928D-6C1D22E3D104}
	EndGlobalSection
EndGlobal
